// !$*UTF8*$!
{
	archiveVersion = 1;
	classes = {
	};
	objectVersion = 51;
	objects = {

/* Begin PBXBuildFile section */
		13B0F49FB9D61C7CAFA2E476 /* Pods_HomeFitTests.framework in Frameworks */ = {isa = PBXBuildFile; fileRef = 62E9D442EF89D6630693BD47 /* Pods_HomeFitTests.framework */; };
		2702A622268B33DD000F20B3 /* AppCoordinator.swift in Sources */ = {isa = PBXBuildFile; fileRef = 2702A621268B33DD000F20B3 /* AppCoordinator.swift */; };
		2702A624268B3483000F20B3 /* SearchDevicesCoordinator.swift in Sources */ = {isa = PBXBuildFile; fileRef = 2702A623268B3483000F20B3 /* SearchDevicesCoordinator.swift */; };
		2713901A268CB31C001E0D52 /* Localizable.strings in Resources */ = {isa = PBXBuildFile; fileRef = 27139018268CB31C001E0D52 /* Localizable.strings */; };
		2713901E268CB46D001E0D52 /* Localizable.strings in Resources */ = {isa = PBXBuildFile; fileRef = 27139020268CB46D001E0D52 /* Localizable.strings */; };
		27139023268CB50B001E0D52 /* Localizable.strings in Resources */ = {isa = PBXBuildFile; fileRef = 27139025268CB50B001E0D52 /* Localizable.strings */; };
		2735600D26847F2B00F34D53 /* BaseTableViewCellProtocol.swift in Sources */ = {isa = PBXBuildFile; fileRef = 2735600C26847F2B00F34D53 /* BaseTableViewCellProtocol.swift */; };
		2735600F26847FB400F34D53 /* PeripheralServiceProtocol.swift in Sources */ = {isa = PBXBuildFile; fileRef = 2735600E26847FB400F34D53 /* PeripheralServiceProtocol.swift */; };
		27DAD9092689D28E00BE0868 /* SearchDevicesController.swift in Sources */ = {isa = PBXBuildFile; fileRef = 27DAD9082689D28E00BE0868 /* SearchDevicesController.swift */; };
		27DAD90B2689D2C200BE0868 /* SearchDevicesVIewModel.swift in Sources */ = {isa = PBXBuildFile; fileRef = 27DAD90A2689D2C200BE0868 /* SearchDevicesVIewModel.swift */; };
		27E230C8268B24030094B08D /* R.generated.swift in Sources */ = {isa = PBXBuildFile; fileRef = 27E230C7268B24030094B08D /* R.generated.swift */; };
		27E230CF268B2DF80094B08D /* BaseCoordinator.swift in Sources */ = {isa = PBXBuildFile; fileRef = 27E230CE268B2DF80094B08D /* BaseCoordinator.swift */; };
		3E273A6925F6C17B007BE951 /* ScreenService.swift in Sources */ = {isa = PBXBuildFile; fileRef = 3E273A6825F6C17B007BE951 /* ScreenService.swift */; };
		3E273A7025F6C35D007BE951 /* PeripheralCell.swift in Sources */ = {isa = PBXBuildFile; fileRef = 3E273A6F25F6C35D007BE951 /* PeripheralCell.swift */; };
		3E28C33825D1DF3C0066D4B7 /* AppDelegate.swift in Sources */ = {isa = PBXBuildFile; fileRef = 3E28C33725D1DF3C0066D4B7 /* AppDelegate.swift */; };
		3E28C33C25D1DF3C0066D4B7 /* ViewController.swift in Sources */ = {isa = PBXBuildFile; fileRef = 3E28C33B25D1DF3C0066D4B7 /* ViewController.swift */; };
		3E28C33F25D1DF3D0066D4B7 /* Main.storyboard in Resources */ = {isa = PBXBuildFile; fileRef = 3E28C33D25D1DF3D0066D4B7 /* Main.storyboard */; };
		3E28C34225D1DF3D0066D4B7 /* HomeFit.xcdatamodeld in Sources */ = {isa = PBXBuildFile; fileRef = 3E28C34025D1DF3D0066D4B7 /* HomeFit.xcdatamodeld */; };
		3E28C34425D1DF3F0066D4B7 /* Assets.xcassets in Resources */ = {isa = PBXBuildFile; fileRef = 3E28C34325D1DF3F0066D4B7 /* Assets.xcassets */; };
		3E28C34725D1DF3F0066D4B7 /* LaunchScreen.storyboard in Resources */ = {isa = PBXBuildFile; fileRef = 3E28C34525D1DF3F0066D4B7 /* LaunchScreen.storyboard */; };
		3E28C35225D1DF400066D4B7 /* HomeFitTests.swift in Sources */ = {isa = PBXBuildFile; fileRef = 3E28C35125D1DF400066D4B7 /* HomeFitTests.swift */; };
		3E28C35D25D1DF400066D4B7 /* HomeFitUITests.swift in Sources */ = {isa = PBXBuildFile; fileRef = 3E28C35C25D1DF400066D4B7 /* HomeFitUITests.swift */; };
		3E28C37025D1DF790066D4B7 /* HealthKit.framework in Frameworks */ = {isa = PBXBuildFile; fileRef = 3E28C36F25D1DF790066D4B7 /* HealthKit.framework */; };
		3E28C37525D1DF8F0066D4B7 /* MapKit.framework in Frameworks */ = {isa = PBXBuildFile; fileRef = 3E28C37425D1DF8F0066D4B7 /* MapKit.framework */; };
		3E7B8EB9262E22C4001D9BA7 /* BaseTableViewCell.swift in Sources */ = {isa = PBXBuildFile; fileRef = 3E7B8EB8262E22C4001D9BA7 /* BaseTableViewCell.swift */; };
		3E7F509B2664242F0080E89F /* BaseViewController.swift in Sources */ = {isa = PBXBuildFile; fileRef = 3E7F509A2664242F0080E89F /* BaseViewController.swift */; };
		3E87927825F18115006A10C9 /* PeripheralService.swift in Sources */ = {isa = PBXBuildFile; fileRef = 3E87927725F18115006A10C9 /* PeripheralService.swift */; };
		3EB4517E2664304A00ECCA7D /* BaseViewControllerProtocol.swift in Sources */ = {isa = PBXBuildFile; fileRef = 3EB4517D2664304A00ECCA7D /* BaseViewControllerProtocol.swift */; };
		3EB45182266430BE00ECCA7D /* BaseViewModelProtocol.swift in Sources */ = {isa = PBXBuildFile; fileRef = 3EB45181266430BE00ECCA7D /* BaseViewModelProtocol.swift */; };
		3EF06CF225F0F8DA0012BCA5 /* PeripheralModel.swift in Sources */ = {isa = PBXBuildFile; fileRef = 3EF06CF125F0F8DA0012BCA5 /* PeripheralModel.swift */; };
		809919DAC4A6A5171A2894B0 /* Pods_HomeFit.framework in Frameworks */ = {isa = PBXBuildFile; fileRef = 355ECA882579C203B55A1A9F /* Pods_HomeFit.framework */; };
		ACA6C56646A617E86427A4CB /* Pods_HomeFit_HomeFitUITests.framework in Frameworks */ = {isa = PBXBuildFile; fileRef = 5B61D92AC162DDEE288A2F01 /* Pods_HomeFit_HomeFitUITests.framework */; };
/* End PBXBuildFile section */

/* Begin PBXContainerItemProxy section */
		3E28C34E25D1DF400066D4B7 /* PBXContainerItemProxy */ = {
			isa = PBXContainerItemProxy;
			containerPortal = 3E28C32C25D1DF3C0066D4B7 /* Project object */;
			proxyType = 1;
			remoteGlobalIDString = 3E28C33325D1DF3C0066D4B7;
			remoteInfo = HomeFit;
		};
		3E28C35925D1DF400066D4B7 /* PBXContainerItemProxy */ = {
			isa = PBXContainerItemProxy;
			containerPortal = 3E28C32C25D1DF3C0066D4B7 /* Project object */;
			proxyType = 1;
			remoteGlobalIDString = 3E28C33325D1DF3C0066D4B7;
			remoteInfo = HomeFit;
		};
/* End PBXContainerItemProxy section */

/* Begin PBXFileReference section */
		09C2136E3A55B60D13A886A0 /* Pods-HomeFit.debug.xcconfig */ = {isa = PBXFileReference; includeInIndex = 1; lastKnownFileType = text.xcconfig; name = "Pods-HomeFit.debug.xcconfig"; path = "Target Support Files/Pods-HomeFit/Pods-HomeFit.debug.xcconfig"; sourceTree = "<group>"; };
		2702A621268B33DD000F20B3 /* AppCoordinator.swift */ = {isa = PBXFileReference; lastKnownFileType = sourcecode.swift; path = AppCoordinator.swift; sourceTree = "<group>"; };
		2702A623268B3483000F20B3 /* SearchDevicesCoordinator.swift */ = {isa = PBXFileReference; lastKnownFileType = sourcecode.swift; path = SearchDevicesCoordinator.swift; sourceTree = "<group>"; };
		27139003268CA651001E0D52 /* en */ = {isa = PBXFileReference; lastKnownFileType = text.plist.strings; name = en; path = en.lproj/LaunchScreen.strings; sourceTree = "<group>"; };
		27139005268CA68E001E0D52 /* en */ = {isa = PBXFileReference; lastKnownFileType = text.plist.strings; name = en; path = en.lproj/Main.strings; sourceTree = "<group>"; };
		2713900D268CAEF4001E0D52 /* ru */ = {isa = PBXFileReference; lastKnownFileType = text.plist.strings; name = ru; path = ru.lproj/Main.strings; sourceTree = "<group>"; };
		2713900E268CAEF4001E0D52 /* ru */ = {isa = PBXFileReference; lastKnownFileType = text.plist.strings; name = ru; path = ru.lproj/LaunchScreen.strings; sourceTree = "<group>"; };
		27139019268CB31C001E0D52 /* Base */ = {isa = PBXFileReference; lastKnownFileType = text.plist.strings; name = Base; path = HomeFit/Base.lproj/Localizable.strings; sourceTree = "<group>"; };
		2713901F268CB46D001E0D52 /* ru */ = {isa = PBXFileReference; lastKnownFileType = text.plist.strings; name = ru; path = ru.lproj/Localizable.strings; sourceTree = "<group>"; };
		27139024268CB50B001E0D52 /* en */ = {isa = PBXFileReference; lastKnownFileType = text.plist.strings; name = en; path = en.lproj/Localizable.strings; sourceTree = "<group>"; };
		2735600C26847F2B00F34D53 /* BaseTableViewCellProtocol.swift */ = {isa = PBXFileReference; lastKnownFileType = sourcecode.swift; path = BaseTableViewCellProtocol.swift; sourceTree = "<group>"; };
		2735600E26847FB400F34D53 /* PeripheralServiceProtocol.swift */ = {isa = PBXFileReference; lastKnownFileType = sourcecode.swift; path = PeripheralServiceProtocol.swift; sourceTree = "<group>"; };
		27DAD9082689D28E00BE0868 /* SearchDevicesController.swift */ = {isa = PBXFileReference; lastKnownFileType = sourcecode.swift; path = SearchDevicesController.swift; sourceTree = "<group>"; };
		27DAD90A2689D2C200BE0868 /* SearchDevicesVIewModel.swift */ = {isa = PBXFileReference; lastKnownFileType = sourcecode.swift; path = SearchDevicesVIewModel.swift; sourceTree = "<group>"; };
		27E230C7268B24030094B08D /* R.generated.swift */ = {isa = PBXFileReference; fileEncoding = 4; lastKnownFileType = sourcecode.swift; name = R.generated.swift; path = HomeFit/Resources/R.generated.swift; sourceTree = SOURCE_ROOT; };
		27E230CE268B2DF80094B08D /* BaseCoordinator.swift */ = {isa = PBXFileReference; lastKnownFileType = sourcecode.swift; path = BaseCoordinator.swift; sourceTree = "<group>"; };
		355ECA882579C203B55A1A9F /* Pods_HomeFit.framework */ = {isa = PBXFileReference; explicitFileType = wrapper.framework; includeInIndex = 0; path = Pods_HomeFit.framework; sourceTree = BUILT_PRODUCTS_DIR; };
		3E273A6825F6C17B007BE951 /* ScreenService.swift */ = {isa = PBXFileReference; lastKnownFileType = sourcecode.swift; path = ScreenService.swift; sourceTree = "<group>"; };
		3E273A6F25F6C35D007BE951 /* PeripheralCell.swift */ = {isa = PBXFileReference; lastKnownFileType = sourcecode.swift; path = PeripheralCell.swift; sourceTree = "<group>"; };
		3E28C33425D1DF3C0066D4B7 /* HomeFit.app */ = {isa = PBXFileReference; explicitFileType = wrapper.application; includeInIndex = 0; path = HomeFit.app; sourceTree = BUILT_PRODUCTS_DIR; };
		3E28C33725D1DF3C0066D4B7 /* AppDelegate.swift */ = {isa = PBXFileReference; lastKnownFileType = sourcecode.swift; path = AppDelegate.swift; sourceTree = "<group>"; };
		3E28C33B25D1DF3C0066D4B7 /* ViewController.swift */ = {isa = PBXFileReference; lastKnownFileType = sourcecode.swift; path = ViewController.swift; sourceTree = "<group>"; };
		3E28C33E25D1DF3D0066D4B7 /* Base */ = {isa = PBXFileReference; lastKnownFileType = file.storyboard; name = Base; path = Base.lproj/Main.storyboard; sourceTree = "<group>"; };
		3E28C34125D1DF3D0066D4B7 /* HomeFit.xcdatamodel */ = {isa = PBXFileReference; lastKnownFileType = wrapper.xcdatamodel; path = HomeFit.xcdatamodel; sourceTree = "<group>"; };
		3E28C34325D1DF3F0066D4B7 /* Assets.xcassets */ = {isa = PBXFileReference; lastKnownFileType = folder.assetcatalog; path = Assets.xcassets; sourceTree = "<group>"; };
		3E28C34625D1DF3F0066D4B7 /* Base */ = {isa = PBXFileReference; lastKnownFileType = file.storyboard; name = Base; path = Base.lproj/LaunchScreen.storyboard; sourceTree = "<group>"; };
		3E28C34825D1DF3F0066D4B7 /* Info.plist */ = {isa = PBXFileReference; lastKnownFileType = text.plist.xml; path = Info.plist; sourceTree = "<group>"; };
		3E28C34D25D1DF400066D4B7 /* HomeFitTests.xctest */ = {isa = PBXFileReference; explicitFileType = wrapper.cfbundle; includeInIndex = 0; path = HomeFitTests.xctest; sourceTree = BUILT_PRODUCTS_DIR; };
		3E28C35125D1DF400066D4B7 /* HomeFitTests.swift */ = {isa = PBXFileReference; lastKnownFileType = sourcecode.swift; path = HomeFitTests.swift; sourceTree = "<group>"; };
		3E28C35325D1DF400066D4B7 /* Info.plist */ = {isa = PBXFileReference; lastKnownFileType = text.plist.xml; path = Info.plist; sourceTree = "<group>"; };
		3E28C35825D1DF400066D4B7 /* HomeFitUITests.xctest */ = {isa = PBXFileReference; explicitFileType = wrapper.cfbundle; includeInIndex = 0; path = HomeFitUITests.xctest; sourceTree = BUILT_PRODUCTS_DIR; };
		3E28C35C25D1DF400066D4B7 /* HomeFitUITests.swift */ = {isa = PBXFileReference; lastKnownFileType = sourcecode.swift; path = HomeFitUITests.swift; sourceTree = "<group>"; };
		3E28C35E25D1DF400066D4B7 /* Info.plist */ = {isa = PBXFileReference; lastKnownFileType = text.plist.xml; path = Info.plist; sourceTree = "<group>"; };
		3E28C36D25D1DF790066D4B7 /* HomeFit.entitlements */ = {isa = PBXFileReference; lastKnownFileType = text.plist.entitlements; path = HomeFit.entitlements; sourceTree = "<group>"; };
		3E28C36F25D1DF790066D4B7 /* HealthKit.framework */ = {isa = PBXFileReference; lastKnownFileType = wrapper.framework; name = HealthKit.framework; path = System/Library/Frameworks/HealthKit.framework; sourceTree = SDKROOT; };
		3E28C37425D1DF8F0066D4B7 /* MapKit.framework */ = {isa = PBXFileReference; lastKnownFileType = wrapper.framework; name = MapKit.framework; path = System/Library/Frameworks/MapKit.framework; sourceTree = SDKROOT; };
		3E7B8EB8262E22C4001D9BA7 /* BaseTableViewCell.swift */ = {isa = PBXFileReference; lastKnownFileType = sourcecode.swift; path = BaseTableViewCell.swift; sourceTree = "<group>"; };
		3E7F509A2664242F0080E89F /* BaseViewController.swift */ = {isa = PBXFileReference; lastKnownFileType = sourcecode.swift; path = BaseViewController.swift; sourceTree = "<group>"; };
		3E87927725F18115006A10C9 /* PeripheralService.swift */ = {isa = PBXFileReference; lastKnownFileType = sourcecode.swift; path = PeripheralService.swift; sourceTree = "<group>"; };
		3EB4517D2664304A00ECCA7D /* BaseViewControllerProtocol.swift */ = {isa = PBXFileReference; lastKnownFileType = sourcecode.swift; path = BaseViewControllerProtocol.swift; sourceTree = "<group>"; };
		3EB45181266430BE00ECCA7D /* BaseViewModelProtocol.swift */ = {isa = PBXFileReference; lastKnownFileType = sourcecode.swift; path = BaseViewModelProtocol.swift; sourceTree = "<group>"; };
		3EF06CF125F0F8DA0012BCA5 /* PeripheralModel.swift */ = {isa = PBXFileReference; lastKnownFileType = sourcecode.swift; path = PeripheralModel.swift; sourceTree = "<group>"; };
		5B61D92AC162DDEE288A2F01 /* Pods_HomeFit_HomeFitUITests.framework */ = {isa = PBXFileReference; explicitFileType = wrapper.framework; includeInIndex = 0; path = Pods_HomeFit_HomeFitUITests.framework; sourceTree = BUILT_PRODUCTS_DIR; };
		62E9D442EF89D6630693BD47 /* Pods_HomeFitTests.framework */ = {isa = PBXFileReference; explicitFileType = wrapper.framework; includeInIndex = 0; path = Pods_HomeFitTests.framework; sourceTree = BUILT_PRODUCTS_DIR; };
		821ADD77CB12CE824319D98F /* Pods-HomeFit-HomeFitUITests.debug.xcconfig */ = {isa = PBXFileReference; includeInIndex = 1; lastKnownFileType = text.xcconfig; name = "Pods-HomeFit-HomeFitUITests.debug.xcconfig"; path = "Target Support Files/Pods-HomeFit-HomeFitUITests/Pods-HomeFit-HomeFitUITests.debug.xcconfig"; sourceTree = "<group>"; };
		A1B3ED402765BF743D3E5973 /* Pods-HomeFitTests.debug.xcconfig */ = {isa = PBXFileReference; includeInIndex = 1; lastKnownFileType = text.xcconfig; name = "Pods-HomeFitTests.debug.xcconfig"; path = "Target Support Files/Pods-HomeFitTests/Pods-HomeFitTests.debug.xcconfig"; sourceTree = "<group>"; };
		D56CEE5CB2A5C9A65E9E29DB /* Pods-HomeFit-HomeFitUITests.release.xcconfig */ = {isa = PBXFileReference; includeInIndex = 1; lastKnownFileType = text.xcconfig; name = "Pods-HomeFit-HomeFitUITests.release.xcconfig"; path = "Target Support Files/Pods-HomeFit-HomeFitUITests/Pods-HomeFit-HomeFitUITests.release.xcconfig"; sourceTree = "<group>"; };
		DC404F397F211C5FFD98C8D8 /* Pods-HomeFitTests.release.xcconfig */ = {isa = PBXFileReference; includeInIndex = 1; lastKnownFileType = text.xcconfig; name = "Pods-HomeFitTests.release.xcconfig"; path = "Target Support Files/Pods-HomeFitTests/Pods-HomeFitTests.release.xcconfig"; sourceTree = "<group>"; };
		FAA68841DFEDAB98096D58D8 /* Pods-HomeFit.release.xcconfig */ = {isa = PBXFileReference; includeInIndex = 1; lastKnownFileType = text.xcconfig; name = "Pods-HomeFit.release.xcconfig"; path = "Target Support Files/Pods-HomeFit/Pods-HomeFit.release.xcconfig"; sourceTree = "<group>"; };
/* End PBXFileReference section */

/* Begin PBXFrameworksBuildPhase section */
		3E28C33125D1DF3C0066D4B7 /* Frameworks */ = {
			isa = PBXFrameworksBuildPhase;
			buildActionMask = 2147483647;
			files = (
				3E28C37525D1DF8F0066D4B7 /* MapKit.framework in Frameworks */,
				3E28C37025D1DF790066D4B7 /* HealthKit.framework in Frameworks */,
				809919DAC4A6A5171A2894B0 /* Pods_HomeFit.framework in Frameworks */,
			);
			runOnlyForDeploymentPostprocessing = 0;
		};
		3E28C34A25D1DF400066D4B7 /* Frameworks */ = {
			isa = PBXFrameworksBuildPhase;
			buildActionMask = 2147483647;
			files = (
				13B0F49FB9D61C7CAFA2E476 /* Pods_HomeFitTests.framework in Frameworks */,
			);
			runOnlyForDeploymentPostprocessing = 0;
		};
		3E28C35525D1DF400066D4B7 /* Frameworks */ = {
			isa = PBXFrameworksBuildPhase;
			buildActionMask = 2147483647;
			files = (
				ACA6C56646A617E86427A4CB /* Pods_HomeFit_HomeFitUITests.framework in Frameworks */,
			);
			runOnlyForDeploymentPostprocessing = 0;
		};
/* End PBXFrameworksBuildPhase section */

/* Begin PBXGroup section */
		2702A61F268B33BA000F20B3 /* App */ = {
			isa = PBXGroup;
			children = (
				2702A620268B33C6000F20B3 /* Coordinator */,
			);
			path = App;
			sourceTree = "<group>";
		};
		2702A620268B33C6000F20B3 /* Coordinator */ = {
			isa = PBXGroup;
			children = (
				2702A621268B33DD000F20B3 /* AppCoordinator.swift */,
			);
			path = Coordinator;
			sourceTree = "<group>";
		};
		27139010268CB0C9001E0D52 /* Localization */ = {
			isa = PBXGroup;
			children = (
				27139017268CB2DD001E0D52 /* en */,
				27139015268CB22D001E0D52 /* ru */,
			);
			path = Localization;
			sourceTree = "<group>";
		};
		27139015268CB22D001E0D52 /* ru */ = {
			isa = PBXGroup;
			children = (
				27139020268CB46D001E0D52 /* Localizable.strings */,
			);
			path = ru;
			sourceTree = "<group>";
		};
		27139017268CB2DD001E0D52 /* en */ = {
			isa = PBXGroup;
			children = (
				27139025268CB50B001E0D52 /* Localizable.strings */,
			);
			path = en;
			sourceTree = "<group>";
		};
		2714665E2689D1E300DDF1BE /* Modules */ = {
			isa = PBXGroup;
			children = (
				2702A61F268B33BA000F20B3 /* App */,
				27DAD9072689D26000BE0868 /* SearchDevicesScreen */,
			);
			path = Modules;
			sourceTree = "<group>";
		};
		273560102684806000F34D53 /* Model */ = {
			isa = PBXGroup;
			children = (
				3EF06CF025F0F8B70012BCA5 /* Entities */,
			);
			path = Model;
			sourceTree = "<group>";
		};
		27DAD9072689D26000BE0868 /* SearchDevicesScreen */ = {
			isa = PBXGroup;
			children = (
				27E230CC268B2DB40094B08D /* ViewModel */,
				27E230CB268B2DAE0094B08D /* View */,
				27E230CA268B2DA50094B08D /* Coordinator */,
			);
			path = SearchDevicesScreen;
			sourceTree = "<group>";
		};
		27E230C9268B24EB0094B08D /* Resources */ = {
			isa = PBXGroup;
			children = (
				27139010268CB0C9001E0D52 /* Localization */,
				27E230C7268B24030094B08D /* R.generated.swift */,
			);
			path = Resources;
			sourceTree = "<group>";
		};
		27E230CA268B2DA50094B08D /* Coordinator */ = {
			isa = PBXGroup;
			children = (
				2702A623268B3483000F20B3 /* SearchDevicesCoordinator.swift */,
			);
			path = Coordinator;
			sourceTree = "<group>";
		};
		27E230CB268B2DAE0094B08D /* View */ = {
			isa = PBXGroup;
			children = (
				27DAD9082689D28E00BE0868 /* SearchDevicesController.swift */,
			);
			path = View;
			sourceTree = "<group>";
		};
		27E230CC268B2DB40094B08D /* ViewModel */ = {
			isa = PBXGroup;
			children = (
				27DAD90A2689D2C200BE0868 /* SearchDevicesVIewModel.swift */,
			);
			name = ViewModel;
			sourceTree = "<group>";
		};
		27E230CD268B2DE40094B08D /* BaseCoordinators */ = {
			isa = PBXGroup;
			children = (
				27E230CE268B2DF80094B08D /* BaseCoordinator.swift */,
			);
			path = BaseCoordinators;
			sourceTree = "<group>";
		};
		3E273A6D25F6C346007BE951 /* Views */ = {
			isa = PBXGroup;
			children = (
				3E273A6E25F6C34B007BE951 /* Cells */,
			);
			path = Views;
			sourceTree = "<group>";
		};
		3E273A6E25F6C34B007BE951 /* Cells */ = {
			isa = PBXGroup;
			children = (
				3E273A6F25F6C35D007BE951 /* PeripheralCell.swift */,
				3E7B8EB8262E22C4001D9BA7 /* BaseTableViewCell.swift */,
			);
			path = Cells;
			sourceTree = "<group>";
		};
		3E28C32B25D1DF3C0066D4B7 = {
			isa = PBXGroup;
			children = (
				27139018268CB31C001E0D52 /* Localizable.strings */,
				3E28C33625D1DF3C0066D4B7 /* HomeFit */,
				3E28C35025D1DF400066D4B7 /* HomeFitTests */,
				3E28C35B25D1DF400066D4B7 /* HomeFitUITests */,
				3E28C33525D1DF3C0066D4B7 /* Products */,
				3E28C36E25D1DF790066D4B7 /* Frameworks */,
				ABBEB47E4EC3779E2DE680D7 /* Pods */,
			);
			sourceTree = "<group>";
		};
		3E28C33525D1DF3C0066D4B7 /* Products */ = {
			isa = PBXGroup;
			children = (
				3E28C33425D1DF3C0066D4B7 /* HomeFit.app */,
				3E28C34D25D1DF400066D4B7 /* HomeFitTests.xctest */,
				3E28C35825D1DF400066D4B7 /* HomeFitUITests.xctest */,
			);
			name = Products;
			sourceTree = "<group>";
		};
		3E28C33625D1DF3C0066D4B7 /* HomeFit */ = {
			isa = PBXGroup;
			children = (
				27E230C9268B24EB0094B08D /* Resources */,
				2714665E2689D1E300DDF1BE /* Modules */,
				3E87927625F180FF006A10C9 /* Services */,
				3EB4517C2664303600ECCA7D /* Protocols */,
				3E7F50992664241B0080E89F /* Classes */,
				3E273A6D25F6C346007BE951 /* Views */,
				3E28C36D25D1DF790066D4B7 /* HomeFit.entitlements */,
				3E28C33725D1DF3C0066D4B7 /* AppDelegate.swift */,
				3E28C33B25D1DF3C0066D4B7 /* ViewController.swift */,
				3E28C33D25D1DF3D0066D4B7 /* Main.storyboard */,
				3E28C34325D1DF3F0066D4B7 /* Assets.xcassets */,
				3E28C34525D1DF3F0066D4B7 /* LaunchScreen.storyboard */,
				3E28C34825D1DF3F0066D4B7 /* Info.plist */,
				3E28C34025D1DF3D0066D4B7 /* HomeFit.xcdatamodeld */,
			);
			path = HomeFit;
			sourceTree = "<group>";
		};
		3E28C35025D1DF400066D4B7 /* HomeFitTests */ = {
			isa = PBXGroup;
			children = (
				3E28C35125D1DF400066D4B7 /* HomeFitTests.swift */,
				3E28C35325D1DF400066D4B7 /* Info.plist */,
			);
			path = HomeFitTests;
			sourceTree = "<group>";
		};
		3E28C35B25D1DF400066D4B7 /* HomeFitUITests */ = {
			isa = PBXGroup;
			children = (
				3E28C35C25D1DF400066D4B7 /* HomeFitUITests.swift */,
				3E28C35E25D1DF400066D4B7 /* Info.plist */,
			);
			path = HomeFitUITests;
			sourceTree = "<group>";
		};
		3E28C36E25D1DF790066D4B7 /* Frameworks */ = {
			isa = PBXGroup;
			children = (
				3E28C37425D1DF8F0066D4B7 /* MapKit.framework */,
				3E28C36F25D1DF790066D4B7 /* HealthKit.framework */,
				355ECA882579C203B55A1A9F /* Pods_HomeFit.framework */,
				5B61D92AC162DDEE288A2F01 /* Pods_HomeFit_HomeFitUITests.framework */,
				62E9D442EF89D6630693BD47 /* Pods_HomeFitTests.framework */,
			);
			name = Frameworks;
			sourceTree = "<group>";
		};
		3E7F50992664241B0080E89F /* Classes */ = {
			isa = PBXGroup;
			children = (
				273560102684806000F34D53 /* Model */,
				27E230CD268B2DE40094B08D /* BaseCoordinators */,
				3EB4517B2664302100ECCA7D /* BaseClasses */,
			);
			path = Classes;
			sourceTree = "<group>";
		};
		3E87927625F180FF006A10C9 /* Services */ = {
			isa = PBXGroup;
			children = (
				3E87927725F18115006A10C9 /* PeripheralService.swift */,
				3E273A6825F6C17B007BE951 /* ScreenService.swift */,
			);
			path = Services;
			sourceTree = "<group>";
		};
		3EB4517B2664302100ECCA7D /* BaseClasses */ = {
			isa = PBXGroup;
			children = (
				3E7F509A2664242F0080E89F /* BaseViewController.swift */,
			);
			path = BaseClasses;
			sourceTree = "<group>";
		};
		3EB4517C2664303600ECCA7D /* Protocols */ = {
			isa = PBXGroup;
			children = (
				3EB4517D2664304A00ECCA7D /* BaseViewControllerProtocol.swift */,
				3EB45181266430BE00ECCA7D /* BaseViewModelProtocol.swift */,
				2735600C26847F2B00F34D53 /* BaseTableViewCellProtocol.swift */,
				2735600E26847FB400F34D53 /* PeripheralServiceProtocol.swift */,
			);
			path = Protocols;
			sourceTree = "<group>";
		};
		3EF06CF025F0F8B70012BCA5 /* Entities */ = {
			isa = PBXGroup;
			children = (
				3EF06CF125F0F8DA0012BCA5 /* PeripheralModel.swift */,
			);
			path = Entities;
			sourceTree = "<group>";
		};
		ABBEB47E4EC3779E2DE680D7 /* Pods */ = {
			isa = PBXGroup;
			children = (
				09C2136E3A55B60D13A886A0 /* Pods-HomeFit.debug.xcconfig */,
				FAA68841DFEDAB98096D58D8 /* Pods-HomeFit.release.xcconfig */,
				821ADD77CB12CE824319D98F /* Pods-HomeFit-HomeFitUITests.debug.xcconfig */,
				D56CEE5CB2A5C9A65E9E29DB /* Pods-HomeFit-HomeFitUITests.release.xcconfig */,
				A1B3ED402765BF743D3E5973 /* Pods-HomeFitTests.debug.xcconfig */,
				DC404F397F211C5FFD98C8D8 /* Pods-HomeFitTests.release.xcconfig */,
			);
			path = Pods;
			sourceTree = "<group>";
		};
/* End PBXGroup section */

/* Begin PBXNativeTarget section */
		3E28C33325D1DF3C0066D4B7 /* HomeFit */ = {
			isa = PBXNativeTarget;
			buildConfigurationList = 3E28C36125D1DF400066D4B7 /* Build configuration list for PBXNativeTarget "HomeFit" */;
			buildPhases = (
				C9572F7E3DE90778DAA05A85 /* [CP] Check Pods Manifest.lock */,
				273560122684A71500F34D53 /* SwiftLint */,
				273560132684BD1300F34D53 /* SwiftFormat */,
				27973E07268B13D900AA1510 /* R.Swift */,
				3E28C33025D1DF3C0066D4B7 /* Sources */,
				3E28C33125D1DF3C0066D4B7 /* Frameworks */,
				3E28C33225D1DF3C0066D4B7 /* Resources */,
				3A0C80681561A45E18F16B35 /* [CP] Embed Pods Frameworks */,
			);
			buildRules = (
			);
			dependencies = (
			);
			name = HomeFit;
			productName = HomeFit;
			productReference = 3E28C33425D1DF3C0066D4B7 /* HomeFit.app */;
			productType = "com.apple.product-type.application";
		};
		3E28C34C25D1DF400066D4B7 /* HomeFitTests */ = {
			isa = PBXNativeTarget;
			buildConfigurationList = 3E28C36425D1DF400066D4B7 /* Build configuration list for PBXNativeTarget "HomeFitTests" */;
			buildPhases = (
				B5C940EF68100C75B06EFECA /* [CP] Check Pods Manifest.lock */,
				3E28C34925D1DF400066D4B7 /* Sources */,
				3E28C34A25D1DF400066D4B7 /* Frameworks */,
				3E28C34B25D1DF400066D4B7 /* Resources */,
			);
			buildRules = (
			);
			dependencies = (
				3E28C34F25D1DF400066D4B7 /* PBXTargetDependency */,
			);
			name = HomeFitTests;
			productName = HomeFitTests;
			productReference = 3E28C34D25D1DF400066D4B7 /* HomeFitTests.xctest */;
			productType = "com.apple.product-type.bundle.unit-test";
		};
		3E28C35725D1DF400066D4B7 /* HomeFitUITests */ = {
			isa = PBXNativeTarget;
			buildConfigurationList = 3E28C36725D1DF400066D4B7 /* Build configuration list for PBXNativeTarget "HomeFitUITests" */;
			buildPhases = (
				9FB0C0796FA8B43AFB16CB25 /* [CP] Check Pods Manifest.lock */,
				3E28C35425D1DF400066D4B7 /* Sources */,
				3E28C35525D1DF400066D4B7 /* Frameworks */,
				3E28C35625D1DF400066D4B7 /* Resources */,
				3CD8975379D1C96537BFA094 /* [CP] Embed Pods Frameworks */,
			);
			buildRules = (
			);
			dependencies = (
				3E28C35A25D1DF400066D4B7 /* PBXTargetDependency */,
			);
			name = HomeFitUITests;
			productName = HomeFitUITests;
			productReference = 3E28C35825D1DF400066D4B7 /* HomeFitUITests.xctest */;
			productType = "com.apple.product-type.bundle.ui-testing";
		};
/* End PBXNativeTarget section */

/* Begin PBXProject section */
		3E28C32C25D1DF3C0066D4B7 /* Project object */ = {
			isa = PBXProject;
			attributes = {
				LastSwiftUpdateCheck = 1240;
				LastUpgradeCheck = 1240;
				TargetAttributes = {
					3E28C33325D1DF3C0066D4B7 = {
						CreatedOnToolsVersion = 12.4;
					};
					3E28C34C25D1DF400066D4B7 = {
						CreatedOnToolsVersion = 12.4;
						TestTargetID = 3E28C33325D1DF3C0066D4B7;
					};
					3E28C35725D1DF400066D4B7 = {
						CreatedOnToolsVersion = 12.4;
						TestTargetID = 3E28C33325D1DF3C0066D4B7;
					};
				};
			};
			buildConfigurationList = 3E28C32F25D1DF3C0066D4B7 /* Build configuration list for PBXProject "HomeFit" */;
			compatibilityVersion = "Xcode 9.3";
			developmentRegion = en;
			hasScannedForEncodings = 0;
			knownRegions = (
				en,
				Base,
				ru,
			);
			mainGroup = 3E28C32B25D1DF3C0066D4B7;
			productRefGroup = 3E28C33525D1DF3C0066D4B7 /* Products */;
			projectDirPath = "";
			projectRoot = "";
			targets = (
				3E28C33325D1DF3C0066D4B7 /* HomeFit */,
				3E28C34C25D1DF400066D4B7 /* HomeFitTests */,
				3E28C35725D1DF400066D4B7 /* HomeFitUITests */,
			);
		};
/* End PBXProject section */

/* Begin PBXResourcesBuildPhase section */
		3E28C33225D1DF3C0066D4B7 /* Resources */ = {
			isa = PBXResourcesBuildPhase;
			buildActionMask = 2147483647;
			files = (
				2713901A268CB31C001E0D52 /* Localizable.strings in Resources */,
				27139023268CB50B001E0D52 /* Localizable.strings in Resources */,
				3E28C34725D1DF3F0066D4B7 /* LaunchScreen.storyboard in Resources */,
				3E28C34425D1DF3F0066D4B7 /* Assets.xcassets in Resources */,
				3E28C33F25D1DF3D0066D4B7 /* Main.storyboard in Resources */,
				2713901E268CB46D001E0D52 /* Localizable.strings in Resources */,
			);
			runOnlyForDeploymentPostprocessing = 0;
		};
		3E28C34B25D1DF400066D4B7 /* Resources */ = {
			isa = PBXResourcesBuildPhase;
			buildActionMask = 2147483647;
			files = (
			);
			runOnlyForDeploymentPostprocessing = 0;
		};
		3E28C35625D1DF400066D4B7 /* Resources */ = {
			isa = PBXResourcesBuildPhase;
			buildActionMask = 2147483647;
			files = (
			);
			runOnlyForDeploymentPostprocessing = 0;
		};
/* End PBXResourcesBuildPhase section */

/* Begin PBXShellScriptBuildPhase section */
		273560122684A71500F34D53 /* SwiftLint */ = {
			isa = PBXShellScriptBuildPhase;
			buildActionMask = 2147483647;
			files = (
			);
			inputFileListPaths = (
			);
			inputPaths = (
			);
			name = SwiftLint;
			outputFileListPaths = (
			);
			outputPaths = (
			);
			runOnlyForDeploymentPostprocessing = 0;
			shellPath = /bin/sh;
			shellScript = "if [ \"${CONFIGURATION}\" = \"Debug\" ]; then\n    if which swiftlint >/dev/null; then\n        swiftlint\n    else\n        sh setup.sh\n    fi\nfi\n";
		};
		273560132684BD1300F34D53 /* SwiftFormat */ = {
			isa = PBXShellScriptBuildPhase;
			buildActionMask = 2147483647;
			files = (
			);
			inputFileListPaths = (
			);
			inputPaths = (
			);
			name = SwiftFormat;
			outputFileListPaths = (
			);
			outputPaths = (
			);
			runOnlyForDeploymentPostprocessing = 0;
			shellPath = /bin/sh;
			shellScript = "if [ \"${CONFIGURATION}\" = \"Debug\" ]; then\n    if which swiftformat >/dev/null; then\n        swiftformat .\n    else\n        sh setup.sh\n    fi\nfi\n";
		};
		27973E07268B13D900AA1510 /* R.Swift */ = {
			isa = PBXShellScriptBuildPhase;
			buildActionMask = 8;
			files = (
			);
			inputFileListPaths = (
			);
			inputPaths = (
				"$TEMP_DIR/rswift-lastrun",
			);
			name = R.Swift;
			outputFileListPaths = (
			);
			outputPaths = (
				$SRCROOT/R.generated.swift,
			);
			runOnlyForDeploymentPostprocessing = 1;
			shellPath = /bin/sh;
			shellScript = "\"$PODS_ROOT/R.swift/rswift\" generate \"$SRCROOT/R.generated.swift\"\n";
		};
		3A0C80681561A45E18F16B35 /* [CP] Embed Pods Frameworks */ = {
			isa = PBXShellScriptBuildPhase;
			buildActionMask = 2147483647;
			files = (
			);
			inputFileListPaths = (
				"${PODS_ROOT}/Target Support Files/Pods-HomeFit/Pods-HomeFit-frameworks-${CONFIGURATION}-input-files.xcfilelist",
			);
			name = "[CP] Embed Pods Frameworks";
			outputFileListPaths = (
				"${PODS_ROOT}/Target Support Files/Pods-HomeFit/Pods-HomeFit-frameworks-${CONFIGURATION}-output-files.xcfilelist",
			);
			runOnlyForDeploymentPostprocessing = 0;
			shellPath = /bin/sh;
			shellScript = "\"${PODS_ROOT}/Target Support Files/Pods-HomeFit/Pods-HomeFit-frameworks.sh\"\n";
			showEnvVarsInLog = 0;
		};
		3CD8975379D1C96537BFA094 /* [CP] Embed Pods Frameworks */ = {
			isa = PBXShellScriptBuildPhase;
			buildActionMask = 2147483647;
			files = (
			);
			inputFileListPaths = (
				"${PODS_ROOT}/Target Support Files/Pods-HomeFit-HomeFitUITests/Pods-HomeFit-HomeFitUITests-frameworks-${CONFIGURATION}-input-files.xcfilelist",
			);
			name = "[CP] Embed Pods Frameworks";
			outputFileListPaths = (
				"${PODS_ROOT}/Target Support Files/Pods-HomeFit-HomeFitUITests/Pods-HomeFit-HomeFitUITests-frameworks-${CONFIGURATION}-output-files.xcfilelist",
			);
			runOnlyForDeploymentPostprocessing = 0;
			shellPath = /bin/sh;
			shellScript = "\"${PODS_ROOT}/Target Support Files/Pods-HomeFit-HomeFitUITests/Pods-HomeFit-HomeFitUITests-frameworks.sh\"\n";
			showEnvVarsInLog = 0;
		};
		9FB0C0796FA8B43AFB16CB25 /* [CP] Check Pods Manifest.lock */ = {
			isa = PBXShellScriptBuildPhase;
			buildActionMask = 2147483647;
			files = (
			);
			inputFileListPaths = (
			);
			inputPaths = (
				"${PODS_PODFILE_DIR_PATH}/Podfile.lock",
				"${PODS_ROOT}/Manifest.lock",
			);
			name = "[CP] Check Pods Manifest.lock";
			outputFileListPaths = (
			);
			outputPaths = (
				"$(DERIVED_FILE_DIR)/Pods-HomeFit-HomeFitUITests-checkManifestLockResult.txt",
			);
			runOnlyForDeploymentPostprocessing = 0;
			shellPath = /bin/sh;
			shellScript = "diff \"${PODS_PODFILE_DIR_PATH}/Podfile.lock\" \"${PODS_ROOT}/Manifest.lock\" > /dev/null\nif [ $? != 0 ] ; then\n    # print error to STDERR\n    echo \"error: The sandbox is not in sync with the Podfile.lock. Run 'pod install' or update your CocoaPods installation.\" >&2\n    exit 1\nfi\n# This output is used by Xcode 'outputs' to avoid re-running this script phase.\necho \"SUCCESS\" > \"${SCRIPT_OUTPUT_FILE_0}\"\n";
			showEnvVarsInLog = 0;
		};
		B5C940EF68100C75B06EFECA /* [CP] Check Pods Manifest.lock */ = {
			isa = PBXShellScriptBuildPhase;
			buildActionMask = 2147483647;
			files = (
			);
			inputFileListPaths = (
			);
			inputPaths = (
				"${PODS_PODFILE_DIR_PATH}/Podfile.lock",
				"${PODS_ROOT}/Manifest.lock",
			);
			name = "[CP] Check Pods Manifest.lock";
			outputFileListPaths = (
			);
			outputPaths = (
				"$(DERIVED_FILE_DIR)/Pods-HomeFitTests-checkManifestLockResult.txt",
			);
			runOnlyForDeploymentPostprocessing = 0;
			shellPath = /bin/sh;
			shellScript = "diff \"${PODS_PODFILE_DIR_PATH}/Podfile.lock\" \"${PODS_ROOT}/Manifest.lock\" > /dev/null\nif [ $? != 0 ] ; then\n    # print error to STDERR\n    echo \"error: The sandbox is not in sync with the Podfile.lock. Run 'pod install' or update your CocoaPods installation.\" >&2\n    exit 1\nfi\n# This output is used by Xcode 'outputs' to avoid re-running this script phase.\necho \"SUCCESS\" > \"${SCRIPT_OUTPUT_FILE_0}\"\n";
			showEnvVarsInLog = 0;
		};
		C9572F7E3DE90778DAA05A85 /* [CP] Check Pods Manifest.lock */ = {
			isa = PBXShellScriptBuildPhase;
			buildActionMask = 2147483647;
			files = (
			);
			inputFileListPaths = (
			);
			inputPaths = (
				"${PODS_PODFILE_DIR_PATH}/Podfile.lock",
				"${PODS_ROOT}/Manifest.lock",
			);
			name = "[CP] Check Pods Manifest.lock";
			outputFileListPaths = (
			);
			outputPaths = (
				"$(DERIVED_FILE_DIR)/Pods-HomeFit-checkManifestLockResult.txt",
			);
			runOnlyForDeploymentPostprocessing = 0;
			shellPath = /bin/sh;
			shellScript = "diff \"${PODS_PODFILE_DIR_PATH}/Podfile.lock\" \"${PODS_ROOT}/Manifest.lock\" > /dev/null\nif [ $? != 0 ] ; then\n    # print error to STDERR\n    echo \"error: The sandbox is not in sync with the Podfile.lock. Run 'pod install' or update your CocoaPods installation.\" >&2\n    exit 1\nfi\n# This output is used by Xcode 'outputs' to avoid re-running this script phase.\necho \"SUCCESS\" > \"${SCRIPT_OUTPUT_FILE_0}\"\n";
			showEnvVarsInLog = 0;
		};
/* End PBXShellScriptBuildPhase section */

/* Begin PBXSourcesBuildPhase section */
		3E28C33025D1DF3C0066D4B7 /* Sources */ = {
			isa = PBXSourcesBuildPhase;
			buildActionMask = 2147483647;
			files = (
				3E28C34225D1DF3D0066D4B7 /* HomeFit.xcdatamodeld in Sources */,
				3E273A7025F6C35D007BE951 /* PeripheralCell.swift in Sources */,
				3E7F509B2664242F0080E89F /* BaseViewController.swift in Sources */,
				3E28C33C25D1DF3C0066D4B7 /* ViewController.swift in Sources */,
				3E28C33825D1DF3C0066D4B7 /* AppDelegate.swift in Sources */,
				3EB45182266430BE00ECCA7D /* BaseViewModelProtocol.swift in Sources */,
				3E87927825F18115006A10C9 /* PeripheralService.swift in Sources */,
				27DAD90B2689D2C200BE0868 /* SearchDevicesVIewModel.swift in Sources */,
				3EF06CF225F0F8DA0012BCA5 /* PeripheralModel.swift in Sources */,
				2702A624268B3483000F20B3 /* SearchDevicesCoordinator.swift in Sources */,
				27E230C8268B24030094B08D /* R.generated.swift in Sources */,
				2702A622268B33DD000F20B3 /* AppCoordinator.swift in Sources */,
				2735600D26847F2B00F34D53 /* BaseTableViewCellProtocol.swift in Sources */,
				3E7B8EB9262E22C4001D9BA7 /* BaseTableViewCell.swift in Sources */,
				3EB4517E2664304A00ECCA7D /* BaseViewControllerProtocol.swift in Sources */,
				27E230CF268B2DF80094B08D /* BaseCoordinator.swift in Sources */,
				2735600F26847FB400F34D53 /* PeripheralServiceProtocol.swift in Sources */,
				3E273A6925F6C17B007BE951 /* ScreenService.swift in Sources */,
				27DAD9092689D28E00BE0868 /* SearchDevicesController.swift in Sources */,
			);
			runOnlyForDeploymentPostprocessing = 0;
		};
		3E28C34925D1DF400066D4B7 /* Sources */ = {
			isa = PBXSourcesBuildPhase;
			buildActionMask = 2147483647;
			files = (
				3E28C35225D1DF400066D4B7 /* HomeFitTests.swift in Sources */,
			);
			runOnlyForDeploymentPostprocessing = 0;
		};
		3E28C35425D1DF400066D4B7 /* Sources */ = {
			isa = PBXSourcesBuildPhase;
			buildActionMask = 2147483647;
			files = (
				3E28C35D25D1DF400066D4B7 /* HomeFitUITests.swift in Sources */,
			);
			runOnlyForDeploymentPostprocessing = 0;
		};
/* End PBXSourcesBuildPhase section */

/* Begin PBXTargetDependency section */
		3E28C34F25D1DF400066D4B7 /* PBXTargetDependency */ = {
			isa = PBXTargetDependency;
			target = 3E28C33325D1DF3C0066D4B7 /* HomeFit */;
			targetProxy = 3E28C34E25D1DF400066D4B7 /* PBXContainerItemProxy */;
		};
		3E28C35A25D1DF400066D4B7 /* PBXTargetDependency */ = {
			isa = PBXTargetDependency;
			target = 3E28C33325D1DF3C0066D4B7 /* HomeFit */;
			targetProxy = 3E28C35925D1DF400066D4B7 /* PBXContainerItemProxy */;
		};
/* End PBXTargetDependency section */

/* Begin PBXVariantGroup section */
		27139018268CB31C001E0D52 /* Localizable.strings */ = {
			isa = PBXVariantGroup;
			children = (
				27139019268CB31C001E0D52 /* Base */,
			);
			name = Localizable.strings;
			sourceTree = "<group>";
		};
		27139020268CB46D001E0D52 /* Localizable.strings */ = {
			isa = PBXVariantGroup;
			children = (
				2713901F268CB46D001E0D52 /* ru */,
			);
			name = Localizable.strings;
			path = HomeFit/Resources/Localization;
			sourceTree = SOURCE_ROOT;
		};
		27139025268CB50B001E0D52 /* Localizable.strings */ = {
			isa = PBXVariantGroup;
			children = (
				27139024268CB50B001E0D52 /* en */,
			);
			name = Localizable.strings;
			path = HomeFit/Resources/Localization;
			sourceTree = SOURCE_ROOT;
		};
		3E28C33D25D1DF3D0066D4B7 /* Main.storyboard */ = {
			isa = PBXVariantGroup;
			children = (
				3E28C33E25D1DF3D0066D4B7 /* Base */,
				27139005268CA68E001E0D52 /* en */,
				2713900D268CAEF4001E0D52 /* ru */,
			);
			name = Main.storyboard;
			sourceTree = "<group>";
		};
		3E28C34525D1DF3F0066D4B7 /* LaunchScreen.storyboard */ = {
			isa = PBXVariantGroup;
			children = (
				3E28C34625D1DF3F0066D4B7 /* Base */,
				27139003268CA651001E0D52 /* en */,
				2713900E268CAEF4001E0D52 /* ru */,
			);
			name = LaunchScreen.storyboard;
			sourceTree = "<group>";
		};
/* End PBXVariantGroup section */

/* Begin XCBuildConfiguration section */
		3E28C35F25D1DF400066D4B7 /* Debug */ = {
			isa = XCBuildConfiguration;
			buildSettings = {
				ALWAYS_SEARCH_USER_PATHS = NO;
				CLANG_ANALYZER_LOCALIZABILITY_NONLOCALIZED = YES;
				CLANG_ANALYZER_NONNULL = YES;
				CLANG_ANALYZER_NUMBER_OBJECT_CONVERSION = YES_AGGRESSIVE;
				CLANG_CXX_LANGUAGE_STANDARD = "gnu++14";
				CLANG_CXX_LIBRARY = "libc++";
				CLANG_ENABLE_MODULES = YES;
				CLANG_ENABLE_OBJC_ARC = YES;
				CLANG_ENABLE_OBJC_WEAK = YES;
				CLANG_WARN_BLOCK_CAPTURE_AUTORELEASING = YES;
				CLANG_WARN_BOOL_CONVERSION = YES;
				CLANG_WARN_COMMA = YES;
				CLANG_WARN_CONSTANT_CONVERSION = YES;
				CLANG_WARN_DEPRECATED_OBJC_IMPLEMENTATIONS = YES;
				CLANG_WARN_DIRECT_OBJC_ISA_USAGE = YES_ERROR;
				CLANG_WARN_DOCUMENTATION_COMMENTS = YES;
				CLANG_WARN_EMPTY_BODY = YES;
				CLANG_WARN_ENUM_CONVERSION = YES;
				CLANG_WARN_INFINITE_RECURSION = YES;
				CLANG_WARN_INT_CONVERSION = YES;
				CLANG_WARN_NON_LITERAL_NULL_CONVERSION = YES;
				CLANG_WARN_OBJC_IMPLICIT_RETAIN_SELF = YES;
				CLANG_WARN_OBJC_LITERAL_CONVERSION = YES;
				CLANG_WARN_OBJC_ROOT_CLASS = YES_ERROR;
				CLANG_WARN_QUOTED_INCLUDE_IN_FRAMEWORK_HEADER = YES;
				CLANG_WARN_RANGE_LOOP_ANALYSIS = YES;
				CLANG_WARN_STRICT_PROTOTYPES = YES;
				CLANG_WARN_SUSPICIOUS_MOVE = YES;
				CLANG_WARN_UNGUARDED_AVAILABILITY = YES_AGGRESSIVE;
				CLANG_WARN_UNREACHABLE_CODE = YES;
				CLANG_WARN__DUPLICATE_METHOD_MATCH = YES;
				COPY_PHASE_STRIP = NO;
				DEBUG_INFORMATION_FORMAT = dwarf;
				ENABLE_STRICT_OBJC_MSGSEND = YES;
				ENABLE_TESTABILITY = YES;
				GCC_C_LANGUAGE_STANDARD = gnu11;
				GCC_DYNAMIC_NO_PIC = NO;
				GCC_NO_COMMON_BLOCKS = YES;
				GCC_OPTIMIZATION_LEVEL = 0;
				GCC_PREPROCESSOR_DEFINITIONS = (
					"DEBUG=1",
					"$(inherited)",
				);
				GCC_WARN_64_TO_32_BIT_CONVERSION = YES;
				GCC_WARN_ABOUT_RETURN_TYPE = YES_ERROR;
				GCC_WARN_UNDECLARED_SELECTOR = YES;
				GCC_WARN_UNINITIALIZED_AUTOS = YES_AGGRESSIVE;
				GCC_WARN_UNUSED_FUNCTION = YES;
				GCC_WARN_UNUSED_VARIABLE = YES;
				IPHONEOS_DEPLOYMENT_TARGET = 11.4;
				MTL_ENABLE_DEBUG_INFO = INCLUDE_SOURCE;
				MTL_FAST_MATH = YES;
				ONLY_ACTIVE_ARCH = YES;
				SDKROOT = iphoneos;
				SWIFT_ACTIVE_COMPILATION_CONDITIONS = DEBUG;
				SWIFT_OPTIMIZATION_LEVEL = "-Onone";
			};
			name = Debug;
		};
		3E28C36025D1DF400066D4B7 /* Release */ = {
			isa = XCBuildConfiguration;
			buildSettings = {
				ALWAYS_SEARCH_USER_PATHS = NO;
				CLANG_ANALYZER_LOCALIZABILITY_NONLOCALIZED = YES;
				CLANG_ANALYZER_NONNULL = YES;
				CLANG_ANALYZER_NUMBER_OBJECT_CONVERSION = YES_AGGRESSIVE;
				CLANG_CXX_LANGUAGE_STANDARD = "gnu++14";
				CLANG_CXX_LIBRARY = "libc++";
				CLANG_ENABLE_MODULES = YES;
				CLANG_ENABLE_OBJC_ARC = YES;
				CLANG_ENABLE_OBJC_WEAK = YES;
				CLANG_WARN_BLOCK_CAPTURE_AUTORELEASING = YES;
				CLANG_WARN_BOOL_CONVERSION = YES;
				CLANG_WARN_COMMA = YES;
				CLANG_WARN_CONSTANT_CONVERSION = YES;
				CLANG_WARN_DEPRECATED_OBJC_IMPLEMENTATIONS = YES;
				CLANG_WARN_DIRECT_OBJC_ISA_USAGE = YES_ERROR;
				CLANG_WARN_DOCUMENTATION_COMMENTS = YES;
				CLANG_WARN_EMPTY_BODY = YES;
				CLANG_WARN_ENUM_CONVERSION = YES;
				CLANG_WARN_INFINITE_RECURSION = YES;
				CLANG_WARN_INT_CONVERSION = YES;
				CLANG_WARN_NON_LITERAL_NULL_CONVERSION = YES;
				CLANG_WARN_OBJC_IMPLICIT_RETAIN_SELF = YES;
				CLANG_WARN_OBJC_LITERAL_CONVERSION = YES;
				CLANG_WARN_OBJC_ROOT_CLASS = YES_ERROR;
				CLANG_WARN_QUOTED_INCLUDE_IN_FRAMEWORK_HEADER = YES;
				CLANG_WARN_RANGE_LOOP_ANALYSIS = YES;
				CLANG_WARN_STRICT_PROTOTYPES = YES;
				CLANG_WARN_SUSPICIOUS_MOVE = YES;
				CLANG_WARN_UNGUARDED_AVAILABILITY = YES_AGGRESSIVE;
				CLANG_WARN_UNREACHABLE_CODE = YES;
				CLANG_WARN__DUPLICATE_METHOD_MATCH = YES;
				COPY_PHASE_STRIP = NO;
				DEBUG_INFORMATION_FORMAT = "dwarf-with-dsym";
				ENABLE_NS_ASSERTIONS = NO;
				ENABLE_STRICT_OBJC_MSGSEND = YES;
				GCC_C_LANGUAGE_STANDARD = gnu11;
				GCC_NO_COMMON_BLOCKS = YES;
				GCC_WARN_64_TO_32_BIT_CONVERSION = YES;
				GCC_WARN_ABOUT_RETURN_TYPE = YES_ERROR;
				GCC_WARN_UNDECLARED_SELECTOR = YES;
				GCC_WARN_UNINITIALIZED_AUTOS = YES_AGGRESSIVE;
				GCC_WARN_UNUSED_FUNCTION = YES;
				GCC_WARN_UNUSED_VARIABLE = YES;
				IPHONEOS_DEPLOYMENT_TARGET = 11.4;
				MTL_ENABLE_DEBUG_INFO = NO;
				MTL_FAST_MATH = YES;
				SDKROOT = iphoneos;
				SWIFT_COMPILATION_MODE = wholemodule;
				SWIFT_OPTIMIZATION_LEVEL = "-O";
				VALIDATE_PRODUCT = YES;
			};
			name = Release;
		};
		3E28C36225D1DF400066D4B7 /* Debug */ = {
			isa = XCBuildConfiguration;
			baseConfigurationReference = 09C2136E3A55B60D13A886A0 /* Pods-HomeFit.debug.xcconfig */;
			buildSettings = {
				ASSETCATALOG_COMPILER_APPICON_NAME = AppIcon;
				ASSETCATALOG_COMPILER_GLOBAL_ACCENT_COLOR_NAME = AccentColor;
				CODE_SIGN_ENTITLEMENTS = HomeFit/HomeFit.entitlements;
				CODE_SIGN_STYLE = Automatic;
				DEVELOPMENT_TEAM = XTG43TMGJT;
				INFOPLIST_FILE = HomeFit/Info.plist;
				IPHONEOS_DEPLOYMENT_TARGET = 12.1;
				LD_RUNPATH_SEARCH_PATHS = (
					"$(inherited)",
					"@executable_path/Frameworks",
				);
				PRODUCT_BUNDLE_IDENTIFIER = com.testes.mobile;
				PRODUCT_NAME = "$(TARGET_NAME)";
				SWIFT_VERSION = 5.0;
				TARGETED_DEVICE_FAMILY = 1;
			};
			name = Debug;
		};
		3E28C36325D1DF400066D4B7 /* Release */ = {
			isa = XCBuildConfiguration;
			baseConfigurationReference = FAA68841DFEDAB98096D58D8 /* Pods-HomeFit.release.xcconfig */;
			buildSettings = {
				ASSETCATALOG_COMPILER_APPICON_NAME = AppIcon;
				ASSETCATALOG_COMPILER_GLOBAL_ACCENT_COLOR_NAME = AccentColor;
				CODE_SIGN_ENTITLEMENTS = HomeFit/HomeFit.entitlements;
				CODE_SIGN_STYLE = Automatic;
				DEVELOPMENT_TEAM = XTG43TMGJT;
				INFOPLIST_FILE = HomeFit/Info.plist;
				IPHONEOS_DEPLOYMENT_TARGET = 12.1;
				LD_RUNPATH_SEARCH_PATHS = (
					"$(inherited)",
					"@executable_path/Frameworks",
				);
				PRODUCT_BUNDLE_IDENTIFIER = com.testes.mobile;
				PRODUCT_NAME = "$(TARGET_NAME)";
				SWIFT_VERSION = 5.0;
				TARGETED_DEVICE_FAMILY = 1;
			};
			name = Release;
		};
		3E28C36525D1DF400066D4B7 /* Debug */ = {
			isa = XCBuildConfiguration;
			baseConfigurationReference = A1B3ED402765BF743D3E5973 /* Pods-HomeFitTests.debug.xcconfig */;
			buildSettings = {
				ALWAYS_EMBED_SWIFT_STANDARD_LIBRARIES = YES;
				BUNDLE_LOADER = "$(TEST_HOST)";
				CODE_SIGN_STYLE = Automatic;
				INFOPLIST_FILE = HomeFitTests/Info.plist;
				IPHONEOS_DEPLOYMENT_TARGET = 14.4;
				LD_RUNPATH_SEARCH_PATHS = (
					"$(inherited)",
					"@executable_path/Frameworks",
					"@loader_path/Frameworks",
				);
				PRODUCT_BUNDLE_IDENTIFIER = com.homeFit.mobile.HomeFitTests;
				PRODUCT_NAME = "$(TARGET_NAME)";
				SWIFT_VERSION = 5.0;
				TARGETED_DEVICE_FAMILY = "1,2";
				TEST_HOST = "$(BUILT_PRODUCTS_DIR)/HomeFit.app/HomeFit";
			};
			name = Debug;
		};
		3E28C36625D1DF400066D4B7 /* Release */ = {
			isa = XCBuildConfiguration;
			baseConfigurationReference = DC404F397F211C5FFD98C8D8 /* Pods-HomeFitTests.release.xcconfig */;
			buildSettings = {
				ALWAYS_EMBED_SWIFT_STANDARD_LIBRARIES = YES;
				BUNDLE_LOADER = "$(TEST_HOST)";
				CODE_SIGN_STYLE = Automatic;
				INFOPLIST_FILE = HomeFitTests/Info.plist;
				IPHONEOS_DEPLOYMENT_TARGET = 14.4;
				LD_RUNPATH_SEARCH_PATHS = (
					"$(inherited)",
					"@executable_path/Frameworks",
					"@loader_path/Frameworks",
				);
				PRODUCT_BUNDLE_IDENTIFIER = com.homeFit.mobile.HomeFitTests;
				PRODUCT_NAME = "$(TARGET_NAME)";
				SWIFT_VERSION = 5.0;
				TARGETED_DEVICE_FAMILY = "1,2";
				TEST_HOST = "$(BUILT_PRODUCTS_DIR)/HomeFit.app/HomeFit";
			};
			name = Release;
		};
		3E28C36825D1DF400066D4B7 /* Debug */ = {
			isa = XCBuildConfiguration;
			baseConfigurationReference = 821ADD77CB12CE824319D98F /* Pods-HomeFit-HomeFitUITests.debug.xcconfig */;
			buildSettings = {
				ALWAYS_EMBED_SWIFT_STANDARD_LIBRARIES = YES;
				CODE_SIGN_STYLE = Automatic;
				INFOPLIST_FILE = HomeFitUITests/Info.plist;
				LD_RUNPATH_SEARCH_PATHS = (
					"$(inherited)",
					"@executable_path/Frameworks",
					"@loader_path/Frameworks",
				);
				PRODUCT_BUNDLE_IDENTIFIER = com.homeFit.mobile.HomeFitUITests;
				PRODUCT_NAME = "$(TARGET_NAME)";
				SWIFT_VERSION = 5.0;
				TARGETED_DEVICE_FAMILY = "1,2";
				TEST_TARGET_NAME = HomeFit;
			};
			name = Debug;
		};
		3E28C36925D1DF400066D4B7 /* Release */ = {
			isa = XCBuildConfiguration;
			baseConfigurationReference = D56CEE5CB2A5C9A65E9E29DB /* Pods-HomeFit-HomeFitUITests.release.xcconfig */;
			buildSettings = {
				ALWAYS_EMBED_SWIFT_STANDARD_LIBRARIES = YES;
				CODE_SIGN_STYLE = Automatic;
				INFOPLIST_FILE = HomeFitUITests/Info.plist;
				LD_RUNPATH_SEARCH_PATHS = (
					"$(inherited)",
					"@executable_path/Frameworks",
					"@loader_path/Frameworks",
				);
				PRODUCT_BUNDLE_IDENTIFIER = com.homeFit.mobile.HomeFitUITests;
				PRODUCT_NAME = "$(TARGET_NAME)";
				SWIFT_VERSION = 5.0;
				TARGETED_DEVICE_FAMILY = "1,2";
				TEST_TARGET_NAME = HomeFit;
			};
			name = Release;
		};
/* End XCBuildConfiguration section */

/* Begin XCConfigurationList section */
		3E28C32F25D1DF3C0066D4B7 /* Build configuration list for PBXProject "HomeFit" */ = {
			isa = XCConfigurationList;
			buildConfigurations = (
				3E28C35F25D1DF400066D4B7 /* Debug */,
				3E28C36025D1DF400066D4B7 /* Release */,
			);
			defaultConfigurationIsVisible = 0;
			defaultConfigurationName = Release;
		};
		3E28C36125D1DF400066D4B7 /* Build configuration list for PBXNativeTarget "HomeFit" */ = {
			isa = XCConfigurationList;
			buildConfigurations = (
				3E28C36225D1DF400066D4B7 /* Debug */,
				3E28C36325D1DF400066D4B7 /* Release */,
			);
			defaultConfigurationIsVisible = 0;
			defaultConfigurationName = Release;
		};
		3E28C36425D1DF400066D4B7 /* Build configuration list for PBXNativeTarget "HomeFitTests" */ = {
			isa = XCConfigurationList;
			buildConfigurations = (
				3E28C36525D1DF400066D4B7 /* Debug */,
				3E28C36625D1DF400066D4B7 /* Release */,
			);
			defaultConfigurationIsVisible = 0;
			defaultConfigurationName = Release;
		};
		3E28C36725D1DF400066D4B7 /* Build configuration list for PBXNativeTarget "HomeFitUITests" */ = {
			isa = XCConfigurationList;
			buildConfigurations = (
				3E28C36825D1DF400066D4B7 /* Debug */,
				3E28C36925D1DF400066D4B7 /* Release */,
			);
			defaultConfigurationIsVisible = 0;
			defaultConfigurationName = Release;
		};
/* End XCConfigurationList section */

/* Begin XCVersionGroup section */
		3E28C34025D1DF3D0066D4B7 /* HomeFit.xcdatamodeld */ = {
			isa = XCVersionGroup;
			children = (
				3E28C34125D1DF3D0066D4B7 /* HomeFit.xcdatamodel */,
			);
			currentVersion = 3E28C34125D1DF3D0066D4B7 /* HomeFit.xcdatamodel */;
			path = HomeFit.xcdatamodeld;
			sourceTree = "<group>";
			versionGroupType = wrapper.xcdatamodel;
		};
/* End XCVersionGroup section */
	};
	rootObject = 3E28C32C25D1DF3C0066D4B7 /* Project object */;
}
